
Microsoft Visual Studio Solution File, Format Version 12.00
# Visual Studio 14
VisualStudioVersion = 14.0.25420.1
MinimumVisualStudioVersion = 10.0.40219.1
Project("{8BC9CEB8-8B4A-11D0-8D11-00A0C91BC942}") = "Conditional Statements", "Conditional Statements\Conditional Statements.vcxproj", "{D8AC3280-86A7-47B9-A5C6-435D830A0BE9}"
EndProject
Project("{8BC9CEB8-8B4A-11D0-8D11-00A0C91BC942}") = "Arrays", "Arrays\Arrays.vcxproj", "{38DB8C6E-F7D4-4B1B-ABBD-578AA51468CA}"
EndProject
Project("{8BC9CEB8-8B4A-11D0-8D11-00A0C91BC942}") = "Loops", "Loops\Loops.vcxproj", "{E9355542-E4F6-47AB-A50A-C2F177841C76}"
EndProject
Project("{8BC9CEB8-8B4A-11D0-8D11-00A0C91BC942}") = "Functions", "Functions\Functions.vcxproj", "{C0E85F7A-5D5D-4898-9155-EAC01B0367BD}"
EndProject
Project("{8BC9CEB8-8B4A-11D0-8D11-00A0C91BC942}") = "Variables", "Variables\Variables.vcxproj", "{D4B58205-62C4-46F3-A2A7-4D9287BFC5DA}"
EndProject
Project("{8BC9CEB8-8B4A-11D0-8D11-00A0C91BC942}") = "Zambi Project", "Zambi Project]\Zambi Project].vcxproj", "{D788F699-D066-4984-A55C-606BE57FA569}"
EndProject
Project("{8BC9CEB8-8B4A-11D0-8D11-00A0C91BC942}") = "Cases", "Cases\Cases.vcxproj", "{4A58CCB1-1982-43C6-9F73-87F6F6189223}"
EndProject
Project("{8BC9CEB8-8B4A-11D0-8D11-00A0C91BC942}") = "Test", "Test\Test.vcxproj", "{66B77411-6F8D-4DE8-82E3-7F5626E6884B}"
EndProject
Project("{8BC9CEB8-8B4A-11D0-8D11-00A0C91BC942}") = "Character Arrays", "Character Arrays\Character Arrays.vcxproj", "{146591B6-FE43-4383-BBE7-6360F713C7D2}"
EndProject
Global
	GlobalSection(SolutionConfigurationPlatforms) = preSolution
		Debug|x64 = Debug|x64
		Debug|x86 = Debug|x86
		Release|x64 = Release|x64
		Release|x86 = Release|x86
	EndGlobalSection
	GlobalSection(ProjectConfigurationPlatforms) = postSolution
		{D8AC3280-86A7-47B9-A5C6-435D830A0BE9}.Debug|x64.ActiveCfg = Debug|x64
		{D8AC3280-86A7-47B9-A5C6-435D830A0BE9}.Debug|x64.Build.0 = Debug|x64
		{D8AC3280-86A7-47B9-A5C6-435D830A0BE9}.Debug|x86.ActiveCfg = Debug|Win32
		{D8AC3280-86A7-47B9-A5C6-435D830A0BE9}.Debug|x86.Build.0 = Debug|Win32
		{D8AC3280-86A7-47B9-A5C6-435D830A0BE9}.Release|x64.ActiveCfg = Release|x64
		{D8AC3280-86A7-47B9-A5C6-435D830A0BE9}.Release|x64.Build.0 = Release|x64
		{D8AC3280-86A7-47B9-A5C6-435D830A0BE9}.Release|x86.ActiveCfg = Release|Win32
		{D8AC3280-86A7-47B9-A5C6-435D830A0BE9}.Release|x86.Build.0 = Release|Win32
		{38DB8C6E-F7D4-4B1B-ABBD-578AA51468CA}.Debug|x64.ActiveCfg = Debug|x64
		{38DB8C6E-F7D4-4B1B-ABBD-578AA51468CA}.Debug|x64.Build.0 = Debug|x64
		{38DB8C6E-F7D4-4B1B-ABBD-578AA51468CA}.Debug|x86.ActiveCfg = Debug|Win32
		{38DB8C6E-F7D4-4B1B-ABBD-578AA51468CA}.Debug|x86.Build.0 = Debug|Win32
		{38DB8C6E-F7D4-4B1B-ABBD-578AA51468CA}.Release|x64.ActiveCfg = Release|x64
		{38DB8C6E-F7D4-4B1B-ABBD-578AA51468CA}.Release|x64.Build.0 = Release|x64
		{38DB8C6E-F7D4-4B1B-ABBD-578AA51468CA}.Release|x86.ActiveCfg = Release|Win32
		{38DB8C6E-F7D4-4B1B-ABBD-578AA51468CA}.Release|x86.Build.0 = Release|Win32
		{E9355542-E4F6-47AB-A50A-C2F177841C76}.Debug|x64.ActiveCfg = Debug|x64
		{E9355542-E4F6-47AB-A50A-C2F177841C76}.Debug|x64.Build.0 = Debug|x64
		{E9355542-E4F6-47AB-A50A-C2F177841C76}.Debug|x86.ActiveCfg = Debug|Win32
		{E9355542-E4F6-47AB-A50A-C2F177841C76}.Debug|x86.Build.0 = Debug|Win32
		{E9355542-E4F6-47AB-A50A-C2F177841C76}.Release|x64.ActiveCfg = Release|x64
		{E9355542-E4F6-47AB-A50A-C2F177841C76}.Release|x64.Build.0 = Release|x64
		{E9355542-E4F6-47AB-A50A-C2F177841C76}.Release|x86.ActiveCfg = Release|Win32
		{E9355542-E4F6-47AB-A50A-C2F177841C76}.Release|x86.Build.0 = Release|Win32
		{C0E85F7A-5D5D-4898-9155-EAC01B0367BD}.Debug|x64.ActiveCfg = Debug|x64
		{C0E85F7A-5D5D-4898-9155-EAC01B0367BD}.Debug|x64.Build.0 = Debug|x64
		{C0E85F7A-5D5D-4898-9155-EAC01B0367BD}.Debug|x86.ActiveCfg = Debug|Win32
		{C0E85F7A-5D5D-4898-9155-EAC01B0367BD}.Debug|x86.Build.0 = Debug|Win32
		{C0E85F7A-5D5D-4898-9155-EAC01B0367BD}.Release|x64.ActiveCfg = Release|x64
		{C0E85F7A-5D5D-4898-9155-EAC01B0367BD}.Release|x64.Build.0 = Release|x64
		{C0E85F7A-5D5D-4898-9155-EAC01B0367BD}.Release|x86.ActiveCfg = Release|Win32
		{C0E85F7A-5D5D-4898-9155-EAC01B0367BD}.Release|x86.Build.0 = Release|Win32
		{D4B58205-62C4-46F3-A2A7-4D9287BFC5DA}.Debug|x64.ActiveCfg = Debug|x64
		{D4B58205-62C4-46F3-A2A7-4D9287BFC5DA}.Debug|x64.Build.0 = Debug|x64
		{D4B58205-62C4-46F3-A2A7-4D9287BFC5DA}.Debug|x86.ActiveCfg = Debug|Win32
		{D4B58205-62C4-46F3-A2A7-4D9287BFC5DA}.Debug|x86.Build.0 = Debug|Win32
		{D4B58205-62C4-46F3-A2A7-4D9287BFC5DA}.Release|x64.ActiveCfg = Release|x64
		{D4B58205-62C4-46F3-A2A7-4D9287BFC5DA}.Release|x64.Build.0 = Release|x64
		{D4B58205-62C4-46F3-A2A7-4D9287BFC5DA}.Release|x86.ActiveCfg = Release|Win32
		{D4B58205-62C4-46F3-A2A7-4D9287BFC5DA}.Release|x86.Build.0 = Release|Win32
		{D788F699-D066-4984-A55C-606BE57FA569}.Debug|x64.ActiveCfg = Debug|x64
		{D788F699-D066-4984-A55C-606BE57FA569}.Debug|x64.Build.0 = Debug|x64
		{D788F699-D066-4984-A55C-606BE57FA569}.Debug|x86.ActiveCfg = Debug|Win32
		{D788F699-D066-4984-A55C-606BE57FA569}.Debug|x86.Build.0 = Debug|Win32
		{D788F699-D066-4984-A55C-606BE57FA569}.Release|x64.ActiveCfg = Release|x64
		{D788F699-D066-4984-A55C-606BE57FA569}.Release|x64.Build.0 = Release|x64
		{D788F699-D066-4984-A55C-606BE57FA569}.Release|x86.ActiveCfg = Release|Win32
		{D788F699-D066-4984-A55C-606BE57FA569}.Release|x86.Build.0 = Release|Win32
		{4A58CCB1-1982-43C6-9F73-87F6F6189223}.Debug|x64.ActiveCfg = Debug|x64
		{4A58CCB1-1982-43C6-9F73-87F6F6189223}.Debug|x64.Build.0 = Debug|x64
		{4A58CCB1-1982-43C6-9F73-87F6F6189223}.Debug|x86.ActiveCfg = Debug|Win32
		{4A58CCB1-1982-43C6-9F73-87F6F6189223}.Debug|x86.Build.0 = Debug|Win32
		{4A58CCB1-1982-43C6-9F73-87F6F6189223}.Release|x64.ActiveCfg = Release|x64
		{4A58CCB1-1982-43C6-9F73-87F6F6189223}.Release|x64.Build.0 = Release|x64
		{4A58CCB1-1982-43C6-9F73-87F6F6189223}.Release|x86.ActiveCfg = Release|Win32
		{4A58CCB1-1982-43C6-9F73-87F6F6189223}.Release|x86.Build.0 = Release|Win32
		{66B77411-6F8D-4DE8-82E3-7F5626E6884B}.Debug|x64.ActiveCfg = Debug|x64
		{66B77411-6F8D-4DE8-82E3-7F5626E6884B}.Debug|x64.Build.0 = Debug|x64
		{66B77411-6F8D-4DE8-82E3-7F5626E6884B}.Debug|x86.ActiveCfg = Debug|Win32
		{66B77411-6F8D-4DE8-82E3-7F5626E6884B}.Debug|x86.Build.0 = Debug|Win32
		{66B77411-6F8D-4DE8-82E3-7F5626E6884B}.Release|x64.ActiveCfg = Release|x64
		{66B77411-6F8D-4DE8-82E3-7F5626E6884B}.Release|x64.Build.0 = Release|x64
		{66B77411-6F8D-4DE8-82E3-7F5626E6884B}.Release|x86.ActiveCfg = Release|Win32
		{66B77411-6F8D-4DE8-82E3-7F5626E6884B}.Release|x86.Build.0 = Release|Win32
		{146591B6-FE43-4383-BBE7-6360F713C7D2}.Debug|x64.ActiveCfg = Debug|x64
		{146591B6-FE43-4383-BBE7-6360F713C7D2}.Debug|x64.Build.0 = Debug|x64
		{146591B6-FE43-4383-BBE7-6360F713C7D2}.Debug|x86.ActiveCfg = Debug|Win32
		{146591B6-FE43-4383-BBE7-6360F713C7D2}.Debug|x86.Build.0 = Debug|Win32
		{146591B6-FE43-4383-BBE7-6360F713C7D2}.Release|x64.ActiveCfg = Release|x64
		{146591B6-FE43-4383-BBE7-6360F713C7D2}.Release|x64.Build.0 = Release|x64
		{146591B6-FE43-4383-BBE7-6360F713C7D2}.Release|x86.ActiveCfg = Release|Win32
		{146591B6-FE43-4383-BBE7-6360F713C7D2}.Release|x86.Build.0 = Release|Win32
	EndGlobalSection
	GlobalSection(SolutionProperties) = preSolution
		HideSolutionNode = FALSE
	EndGlobalSection
EndGlobal
